lockfileVersion: '9.0'

settings:
  autoInstallPeers: true
  excludeLinksFromLockfile: false

importers:

  .:
    dependencies:
      '@youversion/platform-core':
        specifier: workspace:*
        version: link:../core
      '@youversion/platform-react-hooks':
        specifier: workspace:*
        version: link:../hooks
      i18next-browser-languagedetector:
        specifier: ^8.2.1
        version: 8.2.1
    devDependencies:
      '@internal/eslint-config':
        specifier: workspace:*
        version: link:../../tools/eslint-config
      '@internal/tsconfig':
        specifier: workspace:*
        version: link:../../tools/tsconfig

packages:

  '@babel/runtime@7.29.2':
    resolution: {integrity: sha512-JiDShH45zKHWyGe4ZNVRrCjBz8Nh9TMmZG1kh4QTK8hCBTWBi8Da+i7s1fJw7/lYpM4ccepSNfqzZ/QvABBi5g==}
    engines: {node: '>=6.9.0'}

  i18next-browser-languagedetector@8.2.1:
    resolution: {integrity: sha512-bZg8+4bdmaOiApD7N7BPT9W8MLZG+nPTOFlLiJiT8uzKXFjhxw4v2ierCXOwB5sFDMtuA5G4kgYZ0AznZxQ/cw==}

snapshots:

  '@babel/runtime@7.29.2': {}

  i18next-browser-languagedetector@8.2.1:
    dependencies:
      '@babel/runtime': 7.29.2
